
Microsoft Visual Studio Solution File, Format Version 12.00
# Visual Studio Version 16
VisualStudioVersion = 16.0.29326.143
MinimumVisualStudioVersion = 10.0.40219.1
Project("{FAE04EC0-301F-11D3-BF4B-00C04F79EFBC}") = "menú", "menú\menú.csproj", "{04C6CB83-90A2-4F9D-B268-346CECE4C835}"
EndProject
Global
	GlobalSection(SolutionConfigurationPlatforms) = preSolution
		Debug|Any CPU = Debug|Any CPU
		Release|Any CPU = Release|Any CPU
	EndGlobalSection
	GlobalSection(ProjectConfigurationPlatforms) = postSolution
		{04C6CB83-90A2-4F9D-B268-346CECE4C835}.Debug|Any CPU.ActiveCfg = Debug|Any CPU
		{04C6CB83-90A2-4F9D-B268-346CECE4C835}.Debug|Any CPU.Build.0 = Debug|Any CPU
		{04C6CB83-90A2-4F9D-B268-346CECE4C835}.Release|Any CPU.ActiveCfg = Release|Any CPU
		{04C6CB83-90A2-4F9D-B268-346CECE4C835}.Release|Any CPU.Build.0 = Release|Any CPU
	EndGlobalSection
	GlobalSection(SolutionProperties) = preSolution
		HideSolutionNode = FALSE
	EndGlobalSection
	GlobalSection(ExtensibilityGlobals) = postSolution
		SolutionGuid = {417EE074-1FFC-4CDE-B6DB-BCE71B2F8484}
	EndGlobalSection
EndGlobal
