
Microsoft Visual Studio Solution File, Format Version 12.00
# Visual Studio Version 16
VisualStudioVersion = 16.0.29326.143
MinimumVisualStudioVersion = 10.0.40219.1
Project("{FAE04EC0-301F-11D3-BF4B-00C04F79EFBC}") = "piramideasteriscos", "piramideasteriscos\piramideasteriscos.csproj", "{912CCD54-B363-4FF7-8B41-33E4390694CD}"
EndProject
Global
	GlobalSection(SolutionConfigurationPlatforms) = preSolution
		Debug|Any CPU = Debug|Any CPU
		Release|Any CPU = Release|Any CPU
	EndGlobalSection
	GlobalSection(ProjectConfigurationPlatforms) = postSolution
		{912CCD54-B363-4FF7-8B41-33E4390694CD}.Debug|Any CPU.ActiveCfg = Debug|Any CPU
		{912CCD54-B363-4FF7-8B41-33E4390694CD}.Debug|Any CPU.Build.0 = Debug|Any CPU
		{912CCD54-B363-4FF7-8B41-33E4390694CD}.Release|Any CPU.ActiveCfg = Release|Any CPU
		{912CCD54-B363-4FF7-8B41-33E4390694CD}.Release|Any CPU.Build.0 = Release|Any CPU
	EndGlobalSection
	GlobalSection(SolutionProperties) = preSolution
		HideSolutionNode = FALSE
	EndGlobalSection
	GlobalSection(ExtensibilityGlobals) = postSolution
		SolutionGuid = {632F7590-4131-44F8-B6FD-A9B250370152}
	EndGlobalSection
EndGlobal
