
Microsoft Visual Studio Solution File, Format Version 12.00
# Visual Studio Version 16
VisualStudioVersion = 16.0.29326.143
MinimumVisualStudioVersion = 10.0.40219.1
Project("{FAE04EC0-301F-11D3-BF4B-00C04F79EFBC}") = "rombo", "rombo\rombo.csproj", "{7ED6BCBA-E58D-4482-99C1-F2901F7AF557}"
EndProject
Global
	GlobalSection(SolutionConfigurationPlatforms) = preSolution
		Debug|Any CPU = Debug|Any CPU
		Release|Any CPU = Release|Any CPU
	EndGlobalSection
	GlobalSection(ProjectConfigurationPlatforms) = postSolution
		{7ED6BCBA-E58D-4482-99C1-F2901F7AF557}.Debug|Any CPU.ActiveCfg = Debug|Any CPU
		{7ED6BCBA-E58D-4482-99C1-F2901F7AF557}.Debug|Any CPU.Build.0 = Debug|Any CPU
		{7ED6BCBA-E58D-4482-99C1-F2901F7AF557}.Release|Any CPU.ActiveCfg = Release|Any CPU
		{7ED6BCBA-E58D-4482-99C1-F2901F7AF557}.Release|Any CPU.Build.0 = Release|Any CPU
	EndGlobalSection
	GlobalSection(SolutionProperties) = preSolution
		HideSolutionNode = FALSE
	EndGlobalSection
	GlobalSection(ExtensibilityGlobals) = postSolution
		SolutionGuid = {B54EB5C4-FAAE-4884-800D-3882CF4D0FA2}
	EndGlobalSection
EndGlobal
