
Microsoft Visual Studio Solution File, Format Version 12.00
# Visual Studio Version 16
VisualStudioVersion = 16.0.29326.143
MinimumVisualStudioVersion = 10.0.40219.1
Project("{FAE04EC0-301F-11D3-BF4B-00C04F79EFBC}") = "factura1", "factura1\factura1.csproj", "{A4DAE89B-F47D-4767-9FED-233F6735D1D0}"
EndProject
Global
	GlobalSection(SolutionConfigurationPlatforms) = preSolution
		Debug|Any CPU = Debug|Any CPU
		Release|Any CPU = Release|Any CPU
	EndGlobalSection
	GlobalSection(ProjectConfigurationPlatforms) = postSolution
		{A4DAE89B-F47D-4767-9FED-233F6735D1D0}.Debug|Any CPU.ActiveCfg = Debug|Any CPU
		{A4DAE89B-F47D-4767-9FED-233F6735D1D0}.Debug|Any CPU.Build.0 = Debug|Any CPU
		{A4DAE89B-F47D-4767-9FED-233F6735D1D0}.Release|Any CPU.ActiveCfg = Release|Any CPU
		{A4DAE89B-F47D-4767-9FED-233F6735D1D0}.Release|Any CPU.Build.0 = Release|Any CPU
	EndGlobalSection
	GlobalSection(SolutionProperties) = preSolution
		HideSolutionNode = FALSE
	EndGlobalSection
	GlobalSection(ExtensibilityGlobals) = postSolution
		SolutionGuid = {9C8BAB8D-10D1-4538-9D5E-80FBB2AC71CE}
	EndGlobalSection
EndGlobal
